
Microsoft Visual Studio Solution File, Format Version 12.00
# Visual Studio 15
VisualStudioVersion = 15.0.27004.2002
MinimumVisualStudioVersion = 10.0.40219.1
Project("{F2A71F9B-5D33-465A-A702-920D77279786}") = "RogueText", "RogueText.fsproj", "{B4522152-A637-4575-A2E9-A67B3D28CE4E}"
EndProject
Project("{F2A71F9B-5D33-465A-A702-920D77279786}") = "RogueText.Examples", "..\RogueText.Examples\RogueText.Examples.fsproj", "{30613E02-9ED2-4478-B541-B6375088AA6E}"
EndProject
Global
	GlobalSection(SolutionConfigurationPlatforms) = preSolution
		Debug|Any CPU = Debug|Any CPU
		Release|Any CPU = Release|Any CPU
	EndGlobalSection
	GlobalSection(ProjectConfigurationPlatforms) = postSolution
		{B4522152-A637-4575-A2E9-A67B3D28CE4E}.Debug|Any CPU.ActiveCfg = Debug|Any CPU
		{B4522152-A637-4575-A2E9-A67B3D28CE4E}.Debug|Any CPU.Build.0 = Debug|Any CPU
		{B4522152-A637-4575-A2E9-A67B3D28CE4E}.Release|Any CPU.ActiveCfg = Release|Any CPU
		{B4522152-A637-4575-A2E9-A67B3D28CE4E}.Release|Any CPU.Build.0 = Release|Any CPU
		{30613E02-9ED2-4478-B541-B6375088AA6E}.Debug|Any CPU.ActiveCfg = Debug|Any CPU
		{30613E02-9ED2-4478-B541-B6375088AA6E}.Debug|Any CPU.Build.0 = Debug|Any CPU
		{30613E02-9ED2-4478-B541-B6375088AA6E}.Release|Any CPU.ActiveCfg = Release|Any CPU
		{30613E02-9ED2-4478-B541-B6375088AA6E}.Release|Any CPU.Build.0 = Release|Any CPU
	EndGlobalSection
	GlobalSection(SolutionProperties) = preSolution
		HideSolutionNode = FALSE
	EndGlobalSection
	GlobalSection(ExtensibilityGlobals) = postSolution
		SolutionGuid = {C3CE9410-29E2-4AE9-953E-BB40A0D5DA1B}
	EndGlobalSection
EndGlobal
